
Microsoft Visual Studio Solution File, Format Version 12.00
# Visual Studio Version 17
VisualStudioVersion = 17.0.32014.148
MinimumVisualStudioVersion = 10.0.40219.1
Project("{FAE04EC0-301F-11D3-BF4B-00C04F79EFBC}") = "SocketsSharp", "SocketsSharp.csproj", "{DFD52C42-0A86-4432-9F40-6576F5A1B610}"
EndProject
Global
	GlobalSection(SolutionConfigurationPlatforms) = preSolution
		Debug|Any CPU = Debug|Any CPU
		Release|Any CPU = Release|Any CPU
	EndGlobalSection
	GlobalSection(ProjectConfigurationPlatforms) = postSolution
		{DFD52C42-0A86-4432-9F40-6576F5A1B610}.Debug|Any CPU.ActiveCfg = Debug|Any CPU
		{DFD52C42-0A86-4432-9F40-6576F5A1B610}.Debug|Any CPU.Build.0 = Debug|Any CPU
		{DFD52C42-0A86-4432-9F40-6576F5A1B610}.Release|Any CPU.ActiveCfg = Release|Any CPU
		{DFD52C42-0A86-4432-9F40-6576F5A1B610}.Release|Any CPU.Build.0 = Release|Any CPU
	EndGlobalSection
	GlobalSection(SolutionProperties) = preSolution
		HideSolutionNode = FALSE
	EndGlobalSection
	GlobalSection(ExtensibilityGlobals) = postSolution
		SolutionGuid = {EA173D3D-90D8-4C85-AF69-2CA849F233FE}
	EndGlobalSection
EndGlobal
